
Microsoft Visual Studio Solution File, Format Version 12.00
# Visual Studio Version 16
VisualStudioVersion = 16.0.32228.343
MinimumVisualStudioVersion = 10.0.40219.1
Project("{9A19103F-16F7-4668-BE54-9A1E7A4F7556}") = "Curso2805Balta_IO", "Curso2805Balta_IO\Curso2805Balta_IO.csproj", "{6602BBC2-352A-4D18-98D7-D0FE0C25A01D}"
EndProject
Project("{9A19103F-16F7-4668-BE54-9A1E7A4F7556}") = "Aula001", "Aula001\Aula001.csproj", "{0F70D586-0B92-4427-BCCB-6F7C4DB8BB34}"
EndProject
Project("{2150E333-8FDC-42A3-9474-1A3956D46DE8}") = "Aulas_Curso", "Aulas_Curso", "{BA0D7845-8D40-4E33-9D77-5DE30CFB0A3B}"
EndProject
Project("{9A19103F-16F7-4668-BE54-9A1E7A4F7556}") = "Aula002", "Aula002\Aula002.csproj", "{A885E772-CF5E-42ED-BACC-AC7A98D26D95}"
EndProject
Project("{9A19103F-16F7-4668-BE54-9A1E7A4F7556}") = "Aula003", "Aula003\Aula003.csproj", "{4319953D-EBC9-4D3E-AA36-28F7326A392F}"
EndProject
Project("{9A19103F-16F7-4668-BE54-9A1E7A4F7556}") = "Aula004", "Aula004\Aula004.csproj", "{A4AEA9BE-D535-4B89-B41D-A3C77E4430F5}"
EndProject
Project("{9A19103F-16F7-4668-BE54-9A1E7A4F7556}") = "Aula005", "Aula005\Aula005.csproj", "{2827E5BD-29E8-4ABD-9479-134459231BCE}"
EndProject
Project("{2150E333-8FDC-42A3-9474-1A3956D46DE8}") = "MaoNaMassa", "MaoNaMassa", "{49BCDF5B-644F-4A9C-911D-02574156A813}"
EndProject
Project("{FAE04EC0-301F-11D3-BF4B-00C04F79EFBC}") = "Blog", "Blog\Blog.csproj", "{5E034CEE-3AF6-4B7D-A5C4-CD99F46F0E69}"
EndProject
Global
	GlobalSection(SolutionConfigurationPlatforms) = preSolution
		Debug|Any CPU = Debug|Any CPU
		Release|Any CPU = Release|Any CPU
	EndGlobalSection
	GlobalSection(ProjectConfigurationPlatforms) = postSolution
		{6602BBC2-352A-4D18-98D7-D0FE0C25A01D}.Debug|Any CPU.ActiveCfg = Debug|Any CPU
		{6602BBC2-352A-4D18-98D7-D0FE0C25A01D}.Debug|Any CPU.Build.0 = Debug|Any CPU
		{6602BBC2-352A-4D18-98D7-D0FE0C25A01D}.Release|Any CPU.ActiveCfg = Release|Any CPU
		{6602BBC2-352A-4D18-98D7-D0FE0C25A01D}.Release|Any CPU.Build.0 = Release|Any CPU
		{0F70D586-0B92-4427-BCCB-6F7C4DB8BB34}.Debug|Any CPU.ActiveCfg = Debug|Any CPU
		{0F70D586-0B92-4427-BCCB-6F7C4DB8BB34}.Debug|Any CPU.Build.0 = Debug|Any CPU
		{0F70D586-0B92-4427-BCCB-6F7C4DB8BB34}.Release|Any CPU.ActiveCfg = Release|Any CPU
		{0F70D586-0B92-4427-BCCB-6F7C4DB8BB34}.Release|Any CPU.Build.0 = Release|Any CPU
		{A885E772-CF5E-42ED-BACC-AC7A98D26D95}.Debug|Any CPU.ActiveCfg = Debug|Any CPU
		{A885E772-CF5E-42ED-BACC-AC7A98D26D95}.Debug|Any CPU.Build.0 = Debug|Any CPU
		{A885E772-CF5E-42ED-BACC-AC7A98D26D95}.Release|Any CPU.ActiveCfg = Release|Any CPU
		{A885E772-CF5E-42ED-BACC-AC7A98D26D95}.Release|Any CPU.Build.0 = Release|Any CPU
		{4319953D-EBC9-4D3E-AA36-28F7326A392F}.Debug|Any CPU.ActiveCfg = Debug|Any CPU
		{4319953D-EBC9-4D3E-AA36-28F7326A392F}.Debug|Any CPU.Build.0 = Debug|Any CPU
		{4319953D-EBC9-4D3E-AA36-28F7326A392F}.Release|Any CPU.ActiveCfg = Release|Any CPU
		{4319953D-EBC9-4D3E-AA36-28F7326A392F}.Release|Any CPU.Build.0 = Release|Any CPU
		{A4AEA9BE-D535-4B89-B41D-A3C77E4430F5}.Debug|Any CPU.ActiveCfg = Debug|Any CPU
		{A4AEA9BE-D535-4B89-B41D-A3C77E4430F5}.Debug|Any CPU.Build.0 = Debug|Any CPU
		{A4AEA9BE-D535-4B89-B41D-A3C77E4430F5}.Release|Any CPU.ActiveCfg = Release|Any CPU
		{A4AEA9BE-D535-4B89-B41D-A3C77E4430F5}.Release|Any CPU.Build.0 = Release|Any CPU
		{2827E5BD-29E8-4ABD-9479-134459231BCE}.Debug|Any CPU.ActiveCfg = Debug|Any CPU
		{2827E5BD-29E8-4ABD-9479-134459231BCE}.Debug|Any CPU.Build.0 = Debug|Any CPU
		{2827E5BD-29E8-4ABD-9479-134459231BCE}.Release|Any CPU.ActiveCfg = Release|Any CPU
		{2827E5BD-29E8-4ABD-9479-134459231BCE}.Release|Any CPU.Build.0 = Release|Any CPU
		{5E034CEE-3AF6-4B7D-A5C4-CD99F46F0E69}.Debug|Any CPU.ActiveCfg = Debug|Any CPU
		{5E034CEE-3AF6-4B7D-A5C4-CD99F46F0E69}.Debug|Any CPU.Build.0 = Debug|Any CPU
		{5E034CEE-3AF6-4B7D-A5C4-CD99F46F0E69}.Release|Any CPU.ActiveCfg = Release|Any CPU
		{5E034CEE-3AF6-4B7D-A5C4-CD99F46F0E69}.Release|Any CPU.Build.0 = Release|Any CPU
	EndGlobalSection
	GlobalSection(SolutionProperties) = preSolution
		HideSolutionNode = FALSE
	EndGlobalSection
	GlobalSection(NestedProjects) = preSolution
		{0F70D586-0B92-4427-BCCB-6F7C4DB8BB34} = {BA0D7845-8D40-4E33-9D77-5DE30CFB0A3B}
		{A885E772-CF5E-42ED-BACC-AC7A98D26D95} = {BA0D7845-8D40-4E33-9D77-5DE30CFB0A3B}
		{4319953D-EBC9-4D3E-AA36-28F7326A392F} = {BA0D7845-8D40-4E33-9D77-5DE30CFB0A3B}
		{A4AEA9BE-D535-4B89-B41D-A3C77E4430F5} = {BA0D7845-8D40-4E33-9D77-5DE30CFB0A3B}
		{2827E5BD-29E8-4ABD-9479-134459231BCE} = {BA0D7845-8D40-4E33-9D77-5DE30CFB0A3B}
		{5E034CEE-3AF6-4B7D-A5C4-CD99F46F0E69} = {49BCDF5B-644F-4A9C-911D-02574156A813}
	EndGlobalSection
	GlobalSection(ExtensibilityGlobals) = postSolution
		SolutionGuid = {14A2EB16-9ACE-433E-8E31-EA90EE62048C}
	EndGlobalSection
EndGlobal
