
Microsoft Visual Studio Solution File, Format Version 12.00
# Visual Studio Version 16
VisualStudioVersion = 16.0.32228.343
MinimumVisualStudioVersion = 10.0.40219.1
Project("{FAE04EC0-301F-11D3-BF4B-00C04F79EFBC}") = "Curso2805Balta_IO", "Curso2805Balta_IO\Curso2805Balta_IO.csproj", "{6602BBC2-352A-4D18-98D7-D0FE0C25A01D}"
EndProject
Project("{FAE04EC0-301F-11D3-BF4B-00C04F79EFBC}") = "Aula001", "Aula001\Aula001.csproj", "{0F70D586-0B92-4427-BCCB-6F7C4DB8BB34}"
EndProject
Global
	GlobalSection(SolutionConfigurationPlatforms) = preSolution
		Debug|Any CPU = Debug|Any CPU
		Release|Any CPU = Release|Any CPU
	EndGlobalSection
	GlobalSection(ProjectConfigurationPlatforms) = postSolution
		{6602BBC2-352A-4D18-98D7-D0FE0C25A01D}.Debug|Any CPU.ActiveCfg = Debug|Any CPU
		{6602BBC2-352A-4D18-98D7-D0FE0C25A01D}.Debug|Any CPU.Build.0 = Debug|Any CPU
		{6602BBC2-352A-4D18-98D7-D0FE0C25A01D}.Release|Any CPU.ActiveCfg = Release|Any CPU
		{6602BBC2-352A-4D18-98D7-D0FE0C25A01D}.Release|Any CPU.Build.0 = Release|Any CPU
		{0F70D586-0B92-4427-BCCB-6F7C4DB8BB34}.Debug|Any CPU.ActiveCfg = Debug|Any CPU
		{0F70D586-0B92-4427-BCCB-6F7C4DB8BB34}.Debug|Any CPU.Build.0 = Debug|Any CPU
		{0F70D586-0B92-4427-BCCB-6F7C4DB8BB34}.Release|Any CPU.ActiveCfg = Release|Any CPU
		{0F70D586-0B92-4427-BCCB-6F7C4DB8BB34}.Release|Any CPU.Build.0 = Release|Any CPU
	EndGlobalSection
	GlobalSection(SolutionProperties) = preSolution
		HideSolutionNode = FALSE
	EndGlobalSection
	GlobalSection(ExtensibilityGlobals) = postSolution
		SolutionGuid = {14A2EB16-9ACE-433E-8E31-EA90EE62048C}
	EndGlobalSection
EndGlobal
